<?xml version="1.0" encoding="utf-8"?>
<Project ToolsVersion="4.0" xmlns="http://schemas.microsoft.com/developer/msbuild/2003">
  <ItemGroup>
    <Filter Include="Source Files">
      <UniqueIdentifier>{4FC737F1-C7A5-4376-A066-2A32D752A2FF}</UniqueIdentifier>
      <Extensions>cpp;c;cc;cxx;def;odl;idl;hpj;bat;asm;asmx</Extensions>
    </Filter>
    <Filter Include="Header Files">
      <UniqueIdentifier>{93995380-89BD-4b04-88EB-625FBE52EBFB}</UniqueIdentifier>
      <Extensions>h;hh;hpp;hxx;hm;inl;inc;xsd</Extensions>
    </Filter>
    <Filter Include="Resource Files">
      <UniqueIdentifier>{67DA6AB6-F800-4c08-8B7A-83BB121AAD01}</UniqueIdentifier>
      <Extensions>rc;ico;cur;bmp;dlg;rc2;rct;bin;rgs;gif;jpg;jpeg;jpe;resx;tiff;tif;png;wav;mfcribbon-ms</Extensions>
    </Filter>
    <Filter Include="Source Files\OtherFiles">
      <UniqueIdentifier>{2cf7c126-c8f9-4ebc-b9af-688480610ccd}</UniqueIdentifier>
    </Filter>
    <Filter Include="Source Files\1D2DUD">
      <UniqueIdentifier>{054f0df9-8eee-45d2-a73c-1f59c97b203e}</UniqueIdentifier>
    </Filter>
    <Filter Include="Header Files\1D2DUD">
      <UniqueIdentifier>{c8805c5a-d7fe-4fb6-b5c7-34cbd5e8ccb5}</UniqueIdentifier>
    </Filter>
  </ItemGroup>
  <ItemGroup>
    <ClInclude Include="Matrix.h">
      <Filter>Header Files</Filter>
    </ClInclude>
    <ClInclude Include="OneDArray.h">
      <Filter>Header Files</Filter>
    </ClInclude>
    <ClInclude Include="TwoDArray.h">
      <Filter>Header Files</Filter>
    </ClInclude>
    <ClInclude Include="Iterator.h">
      <Filter>Header Files</Filter>
    </ClInclude>
    <ClInclude Include="MatrixBasedOnOneDimensionalArray.h">
      <Filter>Header Files\1D2DUD</Filter>
    </ClInclude>
    <ClInclude Include="MatrixBasedOnTwoDimensionalArray.h">
      <Filter>Header Files\1D2DUD</Filter>
    </ClInclude>
    <ClInclude Include="MatrixBasedOnUnknownDimensionalArray.h">
      <Filter>Header Files\1D2DUD</Filter>
    </ClInclude>
  </ItemGroup>
  <ItemGroup>
    <ClCompile Include="Matrix.cpp">
      <Filter>Source Files</Filter>
    </ClCompile>
    <ClCompile Include="StringComp.cpp">
      <Filter>Source Files</Filter>
    </ClCompile>
    <ClCompile Include="Iterator.cpp">
      <Filter>Source Files</Filter>
    </ClCompile>
    <ClCompile Include="OneDArray.cpp">
      <Filter>Source Files</Filter>
    </ClCompile>
    <ClCompile Include="TwoDArray.cpp">
      <Filter>Source Files</Filter>
    </ClCompile>
    <ClCompile Include="DI_Example.cpp">
      <Filter>Source Files\OtherFiles</Filter>
    </ClCompile>
    <ClCompile Include="Examples.cpp">
      <Filter>Source Files\OtherFiles</Filter>
    </ClCompile>
    <ClCompile Include="Iterator(1).cpp">
      <Filter>Source Files\OtherFiles</Filter>
    </ClCompile>
    <ClCompile Include="2DMatrixcpp.cpp">
      <Filter>Source Files\OtherFiles</Filter>
    </ClCompile>
    <ClCompile Include="1DMatrixNExceptions.cpp">
      <Filter>Source Files\OtherFiles</Filter>
    </ClCompile>
    <ClCompile Include="MatrixBasedOnUnknownDimensionalArray.cpp">
      <Filter>Source Files\1D2DUD</Filter>
    </ClCompile>
    <ClCompile Include="MatrixBasedOnOneDimensionalArray.cpp">
      <Filter>Source Files\1D2DUD</Filter>
    </ClCompile>
    <ClCompile Include="MatrixBasedOnTwoDimensionalArray.cpp">
      <Filter>Source Files\1D2DUD</Filter>
    </ClCompile>
  </ItemGroup>
</Project>